<?xml version="1.0" encoding="utf-8"?>
<Project ToolsVersion="4.0" xmlns="http://schemas.microsoft.com/developer/msbuild/2003">
  <ItemGroup>
    <Filter Include="源文件">
      <UniqueIdentifier>{4FC737F1-C7A5-4376-A066-2A32D752A2FF}</UniqueIdentifier>
      <Extensions>cpp;c;cc;cxx;c++;cppm;ixx;def;odl;idl;hpj;bat;asm;asmx</Extensions>
    </Filter>
    <Filter Include="头文件">
      <UniqueIdentifier>{93995380-89BD-4b04-88EB-625FBE52EBFB}</UniqueIdentifier>
      <Extensions>h;hh;hpp;hxx;h++;hm;inl;inc;ipp;xsd</Extensions>
    </Filter>
    <Filter Include="资源文件">
      <UniqueIdentifier>{67DA6AB6-F800-4c08-8B7A-83BB121AAD01}</UniqueIdentifier>
      <Extensions>rc;ico;cur;bmp;dlg;rc2;rct;bin;rgs;gif;jpg;jpeg;jpe;resx;tiff;tif;png;wav;mfcribbon-ms</Extensions>
    </Filter>
  </ItemGroup>
  <ItemGroup>
    <ClCompile Include="BGM.cpp">
      <Filter>源文件</Filter>
    </ClCompile>
    <ClCompile Include="井字棋程序运行.cpp">
      <Filter>源文件</Filter>
    </ClCompile>
    <ClCompile Include="井字棋初始化.cpp">
      <Filter>源文件</Filter>
    </ClCompile>
    <ClCompile Include="井字棋画面输出.cpp">
      <Filter>源文件</Filter>
    </ClCompile>
    <ClCompile Include="井字棋控制代码.cpp">
      <Filter>源文件</Filter>
    </ClCompile>
    <ClCompile Include="全局变量.cpp">
      <Filter>源文件</Filter>
    </ClCompile>
    <ClCompile Include="用户交互行为检测.cpp">
      <Filter>源文件</Filter>
    </ClCompile>
    <ClCompile Include="主控函数.cpp">
      <Filter>源文件</Filter>
    </ClCompile>
    <ClCompile Include="动画与粒子函数.cpp">
      <Filter>源文件</Filter>
    </ClCompile>
  </ItemGroup>
  <ItemGroup>
    <Media Include="res\菜单选项框声音.wav">
      <Filter>资源文件</Filter>
    </Media>
    <Media Include="res\777.mp3">
      <Filter>资源文件</Filter>
    </Media>
    <Media Include="res\cdqdsy.wav">
      <Filter>资源文件</Filter>
    </Media>
  </ItemGroup>
  <ItemGroup>
    <Image Include="res\OOO.png">
      <Filter>资源文件</Filter>
    </Image>
    <Image Include="res\XXX.png">
      <Filter>资源文件</Filter>
    </Image>
    <Image Include="res\zhucaidan.jpg">
      <Filter>资源文件</Filter>
    </Image>
    <Image Include="res\lizi_1_2.png">
      <Filter>资源文件</Filter>
    </Image>
    <Image Include="res\lizi_1_1.png">
      <Filter>资源文件</Filter>
    </Image>
  </ItemGroup>
  <ItemGroup>
    <ClInclude Include="qjsm.h">
      <Filter>头文件</Filter>
    </ClInclude>
    <ClInclude Include="struct_jgt.h">
      <Filter>头文件</Filter>
    </ClInclude>
    <ClInclude Include="changliang.h">
      <Filter>头文件</Filter>
    </ClInclude>
  </ItemGroup>
</Project>